# THIS IS AN AUTOGENERATED FILE. DO NOT EDIT THIS FILE DIRECTLY.
# yarn lockfile v1


"@next/env@13.0.6-canary.0":
  version "13.0.6-canary.0"
  resolved "https://registry.yarnpkg.com/@next/env/-/env-13.0.6-canary.0.tgz#ef9507e435192515faeefd7aaad508aba56ab869"
  integrity sha512-+sntB/XlmGep8kyXEja15cv/Hz29qEdrVzVRg2bge23n1JrsNXKCWUufZRn6VwGc6/O5wfPi98iqp5FtC6mzXQ==

"@next/swc-android-arm-eabi@13.0.6-canary.0":
  version "13.0.6-canary.0"
  resolved "https://registry.yarnpkg.com/@next/swc-android-arm-eabi/-/swc-android-arm-eabi-13.0.6-canary.0.tgz#924344536344844825c815afba9f4b10bcefb48b"
  integrity sha512-9ylwAMEHTm8upSnFnT2Iz+h4f6e0ZlYWBQYYaTgxqJeBGdjuUEsuZrL0KdImLzD7ii53HXCREcLW7MjdUYVjAw==

"@next/swc-android-arm64@13.0.6-canary.0":
  version "13.0.6-canary.0"
  resolved "https://registry.yarnpkg.com/@next/swc-android-arm64/-/swc-android-arm64-13.0.6-canary.0.tgz#60740f26bbb15037699f69116ddfae5e877c6c44"
  integrity sha512-dj/0+J/rCPQaOaFL+/QlopyHIwsHc4Jlo3peaggKbPm2qMIoCLR1w7e1BhWmMkN1Ct+XJI/GE52gi3g3rWPn0Q==

"@next/swc-darwin-arm64@13.0.6-canary.0":
  version "13.0.6-canary.0"
  resolved "https://registry.yarnpkg.com/@next/swc-darwin-arm64/-/swc-darwin-arm64-13.0.6-canary.0.tgz#fd507fd63296265f5b1ac09f2e447d07e878d007"
  integrity sha512-q+mGKCgAA89y1N/Ltg1FyxrTuB9UoYSX+hUyDJ/0bJXhtMZQl80Kk4bAXINhli1sx0nVcdFVGt/vhL4RyseK1A==

"@next/swc-darwin-x64@13.0.6-canary.0":
  version "13.0.6-canary.0"
  resolved "https://registry.yarnpkg.com/@next/swc-darwin-x64/-/swc-darwin-x64-13.0.6-canary.0.tgz#5be65d1a52ab90cdd6b497605f5ba78371c6f78c"
  integrity sha512-XaZN7tgWj1VxGgcEkyp73ZcypiRpfKWO8IbDByhbuHZGetbK8/QSQCPa+4YXIeZE0g7PlbCYgD+J3hqjYqtI8w==

"@next/swc-freebsd-x64@13.0.6-canary.0":
  version "13.0.6-canary.0"
  resolved "https://registry.yarnpkg.com/@next/swc-freebsd-x64/-/swc-freebsd-x64-13.0.6-canary.0.tgz#2c26f7dc46713a7221c75719d2232caaa8766c73"
  integrity sha512-MGQZ9iOUB8ay6Bw8EC7bWUhJIUWEjexN0w68foslYNDLpZeQiTbgB7Vznr1eRQ4/AAIs2RHKo+v5ffVPawKk8Q==

"@next/swc-linux-arm-gnueabihf@13.0.6-canary.0":
  version "13.0.6-canary.0"
  resolved "https://registry.yarnpkg.com/@next/swc-linux-arm-gnueabihf/-/swc-linux-arm-gnueabihf-13.0.6-canary.0.tgz#d916c37fb0492ee1874a59f9513973e7597d998f"
  integrity sha512-c1abhxOy7w1HMZJRdD8++P0l/iTCuo3laO4hqcLsRhRcu40l9TrRzGIEJCFZxrUy3scZIRQdG4Yq5V9ek+biLQ==

"@next/swc-linux-arm64-gnu@13.0.6-canary.0":
  version "13.0.6-canary.0"
  resolved "https://registry.yarnpkg.com/@next/swc-linux-arm64-gnu/-/swc-linux-arm64-gnu-13.0.6-canary.0.tgz#33ea1db43d9798b25dd64a7c4e0daffc6f3964b1"
  integrity sha512-QKV1ukmosGZyoXvF1ohBcFCC4MAJ4Zd7y4j1ffP01Xxi5l4QwcfgFU5zv+j0ZGFDpXQldpxBHeZvyLreYNQwuw==

"@next/swc-linux-arm64-musl@13.0.6-canary.0":
  version "13.0.6-canary.0"
  resolved "https://registry.yarnpkg.com/@next/swc-linux-arm64-musl/-/swc-linux-arm64-musl-13.0.6-canary.0.tgz#2c80e303adbda987359b9c8c0b04653e2d630b00"
  integrity sha512-NW9ysFfsJb+/wFWHEjlr10JrHfUcLuG/My7bGN0Qr+beOcbh3kbIrYngWxWOiFjaCqnNTjvuFwTzPn0J4GKx8A==

"@next/swc-linux-x64-gnu@13.0.6-canary.0":
  version "13.0.6-canary.0"
  resolved "https://registry.yarnpkg.com/@next/swc-linux-x64-gnu/-/swc-linux-x64-gnu-13.0.6-canary.0.tgz#e1140004f124c3858253aeb1b28298f112ec7a52"
  integrity sha512-919KrYX88w8hp1/shdsvkQpM8KMBLwGf9KTnroQ/619L2EL3mEfaETNR4+GrkuoguXcJxBO1h1T28nAFWlv8qg==

"@next/swc-linux-x64-musl@13.0.6-canary.0":
  version "13.0.6-canary.0"
  resolved "https://registry.yarnpkg.com/@next/swc-linux-x64-musl/-/swc-linux-x64-musl-13.0.6-canary.0.tgz#9ce432e5b95253a1b3ecdce7a834d970c761629e"
  integrity sha512-3NFeg240UHyKJrBU0+rWcKZCAPknthnAB429TqLOqMeujfUW4jijKQgCIz4vB38l0lgGSbO/Bv/g/wk7an/oLA==

"@next/swc-win32-arm64-msvc@13.0.6-canary.0":
  version "13.0.6-canary.0"
  resolved "https://registry.yarnpkg.com/@next/swc-win32-arm64-msvc/-/swc-win32-arm64-msvc-13.0.6-canary.0.tgz#a4385e2a57164eb7d7c2fef7f66692ca96f483a0"
  integrity sha512-7oUE7a5BNnXRWPkltf0dH03SQiTITkEtT5fKo4WyhfeE8IQSHE4gP4cl0SrhL3Px09mIMz3mJpd7oXI2H8ycdA==

"@next/swc-win32-ia32-msvc@13.0.6-canary.0":
  version "13.0.6-canary.0"
  resolved "https://registry.yarnpkg.com/@next/swc-win32-ia32-msvc/-/swc-win32-ia32-msvc-13.0.6-canary.0.tgz#e0eae757e17c5e5423d8e4883e4ddf7fd6abc8e9"
  integrity sha512-bG10XZdAehEZy7fEaYc5m3hibYIvPtk1Xn7geG9zrO12218HggIbeiPpubkKvAslzTEbnuDFIS1qCaH7KLloUg==

"@next/swc-win32-x64-msvc@13.0.6-canary.0":
  version "13.0.6-canary.0"
  resolved "https://registry.yarnpkg.com/@next/swc-win32-x64-msvc/-/swc-win32-x64-msvc-13.0.6-canary.0.tgz#afa72c4af1d6f394c4363d4f3ea94c30565dc49d"
  integrity sha512-Jur8uLwC5S8tFmiPsn1M/M68zqZ0uA5Dnfj2bSGzDjyAJBZSzuQcoXi3E2V5fCRhIYq6RsajcMvFQ0MSNVAs4g==

"@swc/helpers@0.4.14":
  version "0.4.14"
  resolved "https://registry.yarnpkg.com/@swc/helpers/-/helpers-0.4.14.tgz#1352ac6d95e3617ccb7c1498ff019654f1e12a74"
  integrity sha512-4C7nX/dvpzB7za4Ql9K81xK3HPxCpHMgwTZVyf+9JQ6VUbn9jjZVN7/Nkdz/Ugzs2CSjqnL/UPXroiVBVHUWUw==
  dependencies:
    tslib "^2.4.0"

"@types/node@18.11.9":
  version "18.11.9"
  resolved "https://registry.yarnpkg.com/@types/node/-/node-18.11.9.tgz#02d013de7058cea16d36168ef2fc653464cfbad4"
  integrity sha512-CRpX21/kGdzjOpFsZSkcrXMGIBWMGNIHXXBVFSH+ggkftxg+XYP20TESbh+zFvFj3EQOl5byk0HTRn1IL6hbqg==

"@types/prop-types@*":
  version "15.7.5"
  resolved "https://registry.yarnpkg.com/@types/prop-types/-/prop-types-15.7.5.tgz#5f19d2b85a98e9558036f6a3cacc8819420f05cf"
  integrity sha512-JCB8C6SnDoQf0cNycqd/35A7MjcnK+ZTqE7judS6o7utxUCg6imJg3QK2qzHKszlTjcj2cn+NwMB2i96ubpj7w==

"@types/react-dom@18.0.9":
  version "18.0.9"
  resolved "https://registry.yarnpkg.com/@types/react-dom/-/react-dom-18.0.9.tgz#ffee5e4bfc2a2f8774b15496474f8e7fe8d0b504"
  integrity sha512-qnVvHxASt/H7i+XG1U1xMiY5t+IHcPGUK7TDMDzom08xa7e86eCeKOiLZezwCKVxJn6NEiiy2ekgX8aQssjIKg==
  dependencies:
    "@types/react" "*"

"@types/react@*", "@types/react@18.0.25":
  version "18.0.25"
  resolved "https://registry.yarnpkg.com/@types/react/-/react-18.0.25.tgz#8b1dcd7e56fe7315535a4af25435e0bb55c8ae44"
  integrity sha512-xD6c0KDT4m7n9uD4ZHi02lzskaiqcBxf4zi+tXZY98a04wvc0hi/TcCPC2FOESZi51Nd7tlUeOJY8RofL799/g==
  dependencies:
    "@types/prop-types" "*"
    "@types/scheduler" "*"
    csstype "^3.0.2"

"@types/scheduler@*":
  version "0.16.2"
  resolved "https://registry.yarnpkg.com/@types/scheduler/-/scheduler-0.16.2.tgz#1a62f89525723dde24ba1b01b092bf5df8ad4d39"
  integrity sha512-hppQEBDmlwhFAXKJX2KnWLYu5yMfi91yazPb2l+lbJiwW+wdo1gNeRA+3RgNSO39WYX2euey41KEwnqesU2Jew==

caniuse-lite@^1.0.30001406:
  version "1.0.30001434"
  resolved "https://registry.yarnpkg.com/caniuse-lite/-/caniuse-lite-1.0.30001434.tgz#ec1ec1cfb0a93a34a0600d37903853030520a4e5"
  integrity sha512-aOBHrLmTQw//WFa2rcF1If9fa3ypkC1wzqqiKHgfdrXTWcU8C4gKVZT77eQAPWN1APys3+uQ0Df07rKauXGEYA==

client-only@0.0.1:
  version "0.0.1"
  resolved "https://registry.yarnpkg.com/client-only/-/client-only-0.0.1.tgz#38bba5d403c41ab150bff64a95c85013cf73bca1"
  integrity sha512-IV3Ou0jSMzZrd3pZ48nLkT9DA7Ag1pnPzaiQhpW7c3RbcqqzvzzVu+L8gfqMp/8IM2MQtSiqaCxrrcfu8I8rMA==

csstype@^3.0.2:
  version "3.1.1"
  resolved "https://registry.yarnpkg.com/csstype/-/csstype-3.1.1.tgz#841b532c45c758ee546a11d5bd7b7b473c8c30b9"
  integrity sha512-DJR/VvkAvSZW9bTouZue2sSxDwdTN92uHjqeKVm+0dAqdfNykRzQ95tay8aXMBAAPpUiq4Qcug2L7neoRh2Egw==

hls.js@^1.2.7:
  version "1.2.7"
  resolved "https://registry.yarnpkg.com/hls.js/-/hls.js-1.2.7.tgz#f421e258b10aa797cffb5ab2c3786675ead617f5"
  integrity sha512-mD4Po7Q5TPNIYX6G8sDD+RS/xfrWjMjrtp+xPw3Thw8Tq557Vn0wdXIX/Zii28F9ncUMMQPZsGkoCWFna9CZCw==

"js-tokens@^3.0.0 || ^4.0.0":
  version "4.0.0"
  resolved "https://registry.yarnpkg.com/js-tokens/-/js-tokens-4.0.0.tgz#19203fb59991df98e3a287050d4647cdeaf32499"
  integrity sha512-RdJUflcE3cUzKiMqQgsCu06FPu9UdIJO0beYbPhHN4k6apgJtifcoCtT9bcxOpYBtpD2kCM6Sbzg4CausW/PKQ==

loose-envify@^1.1.0:
  version "1.4.0"
  resolved "https://registry.yarnpkg.com/loose-envify/-/loose-envify-1.4.0.tgz#71ee51fa7be4caec1a63839f7e682d8132d30caf"
  integrity sha512-lyuxPGr/Wfhrlem2CL/UcnUc1zcqKAImBDzukY7Y5F/yQiNdko6+fRLevlw1HgMySw7f611UIY408EtxRSoK3Q==
  dependencies:
    js-tokens "^3.0.0 || ^4.0.0"

nanoid@^3.3.4:
  version "3.3.4"
  resolved "https://registry.yarnpkg.com/nanoid/-/nanoid-3.3.4.tgz#730b67e3cd09e2deacf03c027c81c9d9dbc5e8ab"
  integrity sha512-MqBkQh/OHTS2egovRtLk45wEyNXwF+cokD+1YPf9u5VfJiRdAiRwB2froX5Co9Rh20xs4siNPm8naNotSD6RBw==

next@^13.0.6-canary.0:
  version "13.0.6-canary.0"
  resolved "https://registry.yarnpkg.com/next/-/next-13.0.6-canary.0.tgz#263a8c97c9b3352910c16522bec4d80eff11db25"
  integrity sha512-NTSx70sWXFaW7+ghb9aAkui5nsu63BcOdYRMjQcyLd8Ok/ouACAz/c4WW4anuYY7PoYii0qbkivMvlQfleORYQ==
  dependencies:
    "@next/env" "13.0.6-canary.0"
    "@swc/helpers" "0.4.14"
    caniuse-lite "^1.0.30001406"
    postcss "8.4.14"
    styled-jsx "5.1.0"
  optionalDependencies:
    "@next/swc-android-arm-eabi" "13.0.6-canary.0"
    "@next/swc-android-arm64" "13.0.6-canary.0"
    "@next/swc-darwin-arm64" "13.0.6-canary.0"
    "@next/swc-darwin-x64" "13.0.6-canary.0"
    "@next/swc-freebsd-x64" "13.0.6-canary.0"
    "@next/swc-linux-arm-gnueabihf" "13.0.6-canary.0"
    "@next/swc-linux-arm64-gnu" "13.0.6-canary.0"
    "@next/swc-linux-arm64-musl" "13.0.6-canary.0"
    "@next/swc-linux-x64-gnu" "13.0.6-canary.0"
    "@next/swc-linux-x64-musl" "13.0.6-canary.0"
    "@next/swc-win32-arm64-msvc" "13.0.6-canary.0"
    "@next/swc-win32-ia32-msvc" "13.0.6-canary.0"
    "@next/swc-win32-x64-msvc" "13.0.6-canary.0"

picocolors@^1.0.0:
  version "1.0.0"
  resolved "https://registry.yarnpkg.com/picocolors/-/picocolors-1.0.0.tgz#cb5bdc74ff3f51892236eaf79d68bc44564ab81c"
  integrity sha512-1fygroTLlHu66zi26VoTDv8yRgm0Fccecssto+MhsZ0D/DGW2sm8E8AjW7NU5VVTRt5GxbeZ5qBuJr+HyLYkjQ==

postcss@8.4.14:
  version "8.4.14"
  resolved "https://registry.yarnpkg.com/postcss/-/postcss-8.4.14.tgz#ee9274d5622b4858c1007a74d76e42e56fd21caf"
  integrity sha512-E398TUmfAYFPBSdzgeieK2Y1+1cpdxJx8yXbK/m57nRhKSmk1GB2tO4lbLBtlkfPQTDKfe4Xqv1ASWPpayPEig==
  dependencies:
    nanoid "^3.3.4"
    picocolors "^1.0.0"
    source-map-js "^1.0.2"

react-dom@18.2.0:
  version "18.2.0"
  resolved "https://registry.yarnpkg.com/react-dom/-/react-dom-18.2.0.tgz#22aaf38708db2674ed9ada224ca4aa708d821e3d"
  integrity sha512-6IMTriUmvsjHUjNtEDudZfuDQUoWXVxKHhlEGSk81n4YFS+r/Kl99wXiwlVXtPBtJenozv2P+hxDsw9eA7Xo6g==
  dependencies:
    loose-envify "^1.1.0"
    scheduler "^0.23.0"

react@18.2.0:
  version "18.2.0"
  resolved "https://registry.yarnpkg.com/react/-/react-18.2.0.tgz#555bd98592883255fa00de14f1151a917b5d77d5"
  integrity sha512-/3IjMdb2L9QbBdWiW5e3P2/npwMBaU9mHCSCUzNln0ZCYbcfTsGbTJrU/kGemdH2IWmB2ioZ+zkxtmq6g09fGQ==
  dependencies:
    loose-envify "^1.1.0"

scheduler@^0.23.0:
  version "0.23.0"
  resolved "https://registry.yarnpkg.com/scheduler/-/scheduler-0.23.0.tgz#ba8041afc3d30eb206a487b6b384002e4e61fdfe"
  integrity sha512-CtuThmgHNg7zIZWAXi3AsyIzA3n4xx7aNyjwC2VJldO2LMVDhFK+63xGqq6CsJH4rTAt6/M+N4GhZiDYPx9eUw==
  dependencies:
    loose-envify "^1.1.0"

source-map-js@^1.0.2:
  version "1.0.2"
  resolved "https://registry.yarnpkg.com/source-map-js/-/source-map-js-1.0.2.tgz#adbc361d9c62df380125e7f161f71c826f1e490c"
  integrity sha512-R0XvVJ9WusLiqTCEiGCmICCMplcCkIwwR11mOSD9CR5u+IXYdiseeEuXCVAjS54zqwkLcPNnmU4OeJ6tUrWhDw==

styled-jsx@5.1.0:
  version "5.1.0"
  resolved "https://registry.yarnpkg.com/styled-jsx/-/styled-jsx-5.1.0.tgz#4a5622ab9714bd3fcfaeec292aa555871f057563"
  integrity sha512-/iHaRJt9U7T+5tp6TRelLnqBqiaIT0HsO0+vgyj8hK2KUk7aejFqRrumqPUlAqDwAj8IbS/1hk3IhBAAK/FCUQ==
  dependencies:
    client-only "0.0.1"

tslib@^2.4.0:
  version "2.4.1"
  resolved "https://registry.yarnpkg.com/tslib/-/tslib-2.4.1.tgz#0d0bfbaac2880b91e22df0768e55be9753a5b17e"
  integrity sha512-tGyy4dAjRIEwI7BzsB0lynWgOpfqjUdq91XXAlIWD2OwKBH7oCl/GZG/HT4BOHrTlPMOASlMQ7veyTqpmRcrNA==

typescript@4.9.3:
  version "4.9.3"
  resolved "https://registry.yarnpkg.com/typescript/-/typescript-4.9.3.tgz#3aea307c1746b8c384435d8ac36b8a2e580d85db"
  integrity sha512-CIfGzTelbKNEnLpLdGFgdyKhG23CKdKgQPOBc+OUNrkJ2vr+KSzsSV5kq5iWhEQbok+quxgGzrAtGWCyU7tHnA==
